// !$*UTF8*$!
{
	archiveVersion = 1;
	classes = {
	};
	objectVersion = 56;
	objects = {

/* Begin PBXBuildFile section */
		8F189ADF2B3EC28C001B0145 /* Home.swift in Sources */ = {isa = PBXBuildFile; fileRef = 8F189ADE2B3EC28C001B0145 /* Home.swift */; };
		8F189AE12B3EC393001B0145 /* Menu.swift in Sources */ = {isa = PBXBuildFile; fileRef = 8F189AE02B3EC393001B0145 /* Menu.swift */; };
		8F189AE32B3ECE30001B0145 /* UserProfile.swift in Sources */ = {isa = PBXBuildFile; fileRef = 8F189AE22B3ECE30001B0145 /* UserProfile.swift */; };
		8F189AE52B3EDFFA001B0145 /* Categories.swift in Sources */ = {isa = PBXBuildFile; fileRef = 8F189AE42B3EDFFA001B0145 /* Categories.swift */; };
		8F189AE72B3EE975001B0145 /* Persistence.swift in Sources */ = {isa = PBXBuildFile; fileRef = 8F189AE62B3EE975001B0145 /* Persistence.swift */; };
		8F189AEA2B3EE9B6001B0145 /* FetchedObjects.swift in Sources */ = {isa = PBXBuildFile; fileRef = 8F189AE92B3EE9B6001B0145 /* FetchedObjects.swift */; };
		8F189AEC2B3EEA60001B0145 /* MenuList.swift in Sources */ = {isa = PBXBuildFile; fileRef = 8F189AEB2B3EEA60001B0145 /* MenuList.swift */; };
		8F189AEE2B3EEA68001B0145 /* MenuItem.swift in Sources */ = {isa = PBXBuildFile; fileRef = 8F189AED2B3EEA68001B0145 /* MenuItem.swift */; };
		8F189B072B3F03AB001B0145 /* ExampleDatabase.xcdatamodeld in Sources */ = {isa = PBXBuildFile; fileRef = 8F189B052B3F03AB001B0145 /* ExampleDatabase.xcdatamodeld */; };
		8F189B0A2B3F084E001B0145 /* Dish+CoreDataClass.swift in Sources */ = {isa = PBXBuildFile; fileRef = 8F189B082B3F084E001B0145 /* Dish+CoreDataClass.swift */; };
		8F189B0B2B3F084E001B0145 /* Dish+CoreDataProperties.swift in Sources */ = {isa = PBXBuildFile; fileRef = 8F189B092B3F084E001B0145 /* Dish+CoreDataProperties.swift */; };
		8F189B0D2B3F0EB2001B0145 /* Details.swift in Sources */ = {isa = PBXBuildFile; fileRef = 8F189B0C2B3F0EB2001B0145 /* Details.swift */; };
		8F189B0F2B3F7129001B0145 /* Header.swift in Sources */ = {isa = PBXBuildFile; fileRef = 8F189B0E2B3F7129001B0145 /* Header.swift */; };
		8F189B112B3F72C9001B0145 /* Hero.swift in Sources */ = {isa = PBXBuildFile; fileRef = 8F189B102B3F72C9001B0145 /* Hero.swift */; };
		8F189B132B3F79BC001B0145 /* UIColor+Extension.swift in Sources */ = {isa = PBXBuildFile; fileRef = 8F189B122B3F79BC001B0145 /* UIColor+Extension.swift */; };
		8F189B152B3F821C001B0145 /* Breakdown.swift in Sources */ = {isa = PBXBuildFile; fileRef = 8F189B142B3F821C001B0145 /* Breakdown.swift */; };
		8F189B172B3F86B7001B0145 /* MenuItemView.swift in Sources */ = {isa = PBXBuildFile; fileRef = 8F189B162B3F86B6001B0145 /* MenuItemView.swift */; };
		8FECC4072B4C85C8001A48BA /* TextFieldView.swift in Sources */ = {isa = PBXBuildFile; fileRef = 8FECC4062B4C85C8001A48BA /* TextFieldView.swift */; };
		8FECC4092B4C9055001A48BA /* ImagePicker.swift in Sources */ = {isa = PBXBuildFile; fileRef = 8FECC4082B4C9055001A48BA /* ImagePicker.swift */; };
		8FECC40B2B4C9B9F001A48BA /* UserProfileViewModel.swift in Sources */ = {isa = PBXBuildFile; fileRef = 8FECC40A2B4C9B9F001A48BA /* UserProfileViewModel.swift */; };
		8FECC40D2B4C9DD0001A48BA /* Checkbox.swift in Sources */ = {isa = PBXBuildFile; fileRef = 8FECC40C2B4C9DD0001A48BA /* Checkbox.swift */; };
		8FECC40F2B4CA0B5001A48BA /* EmailNotifications.swift in Sources */ = {isa = PBXBuildFile; fileRef = 8FECC40E2B4CA0B5001A48BA /* EmailNotifications.swift */; };
		8FECC4112B4CB9EC001A48BA /* Search.swift in Sources */ = {isa = PBXBuildFile; fileRef = 8FECC4102B4CB9EC001A48BA /* Search.swift */; };
		958EB6AF2B3474790023DDDF /* LittleLemonAppApp.swift in Sources */ = {isa = PBXBuildFile; fileRef = 958EB6AE2B3474790023DDDF /* LittleLemonAppApp.swift */; };
		958EB6B12B3474790023DDDF /* Onboarding.swift in Sources */ = {isa = PBXBuildFile; fileRef = 958EB6B02B3474790023DDDF /* Onboarding.swift */; };
		958EB6B32B34747B0023DDDF /* Assets.xcassets in Resources */ = {isa = PBXBuildFile; fileRef = 958EB6B22B34747B0023DDDF /* Assets.xcassets */; };
		958EB6B62B34747B0023DDDF /* Preview Assets.xcassets in Resources */ = {isa = PBXBuildFile; fileRef = 958EB6B52B34747B0023DDDF /* Preview Assets.xcassets */; };
		958EB6BD2B35BB6F0023DDDF /* Model.swift in Sources */ = {isa = PBXBuildFile; fileRef = 958EB6BC2B35BB6F0023DDDF /* Model.swift */; };
		958EB6C42B35BDCC0023DDDF /* OnboardingViewModel.swift in Sources */ = {isa = PBXBuildFile; fileRef = 958EB6C32B35BDCC0023DDDF /* OnboardingViewModel.swift */; };
/* End PBXBuildFile section */

/* Begin PBXFileReference section */
		8F189ADE2B3EC28C001B0145 /* Home.swift */ = {isa = PBXFileReference; lastKnownFileType = sourcecode.swift; path = Home.swift; sourceTree = "<group>"; };
		8F189AE02B3EC393001B0145 /* Menu.swift */ = {isa = PBXFileReference; lastKnownFileType = sourcecode.swift; path = Menu.swift; sourceTree = "<group>"; };
		8F189AE22B3ECE30001B0145 /* UserProfile.swift */ = {isa = PBXFileReference; lastKnownFileType = sourcecode.swift; path = UserProfile.swift; sourceTree = "<group>"; };
		8F189AE42B3EDFFA001B0145 /* Categories.swift */ = {isa = PBXFileReference; lastKnownFileType = sourcecode.swift; path = Categories.swift; sourceTree = "<group>"; };
		8F189AE62B3EE975001B0145 /* Persistence.swift */ = {isa = PBXFileReference; lastKnownFileType = sourcecode.swift; path = Persistence.swift; sourceTree = "<group>"; };
		8F189AE92B3EE9B6001B0145 /* FetchedObjects.swift */ = {isa = PBXFileReference; lastKnownFileType = sourcecode.swift; path = FetchedObjects.swift; sourceTree = "<group>"; };
		8F189AEB2B3EEA60001B0145 /* MenuList.swift */ = {isa = PBXFileReference; lastKnownFileType = sourcecode.swift; path = MenuList.swift; sourceTree = "<group>"; };
		8F189AED2B3EEA68001B0145 /* MenuItem.swift */ = {isa = PBXFileReference; lastKnownFileType = sourcecode.swift; path = MenuItem.swift; sourceTree = "<group>"; };
		8F189B062B3F03AB001B0145 /* ExampleDatabase.xcdatamodel */ = {isa = PBXFileReference; lastKnownFileType = wrapper.xcdatamodel; path = ExampleDatabase.xcdatamodel; sourceTree = "<group>"; };
		8F189B082B3F084E001B0145 /* Dish+CoreDataClass.swift */ = {isa = PBXFileReference; lastKnownFileType = sourcecode.swift; path = "Dish+CoreDataClass.swift"; sourceTree = "<group>"; };
		8F189B092B3F084E001B0145 /* Dish+CoreDataProperties.swift */ = {isa = PBXFileReference; lastKnownFileType = sourcecode.swift; path = "Dish+CoreDataProperties.swift"; sourceTree = "<group>"; };
		8F189B0C2B3F0EB2001B0145 /* Details.swift */ = {isa = PBXFileReference; lastKnownFileType = sourcecode.swift; path = Details.swift; sourceTree = "<group>"; };
		8F189B0E2B3F7129001B0145 /* Header.swift */ = {isa = PBXFileReference; lastKnownFileType = sourcecode.swift; path = Header.swift; sourceTree = "<group>"; };
		8F189B102B3F72C9001B0145 /* Hero.swift */ = {isa = PBXFileReference; lastKnownFileType = sourcecode.swift; path = Hero.swift; sourceTree = "<group>"; };
		8F189B122B3F79BC001B0145 /* UIColor+Extension.swift */ = {isa = PBXFileReference; lastKnownFileType = sourcecode.swift; path = "UIColor+Extension.swift"; sourceTree = "<group>"; };
		8F189B142B3F821C001B0145 /* Breakdown.swift */ = {isa = PBXFileReference; lastKnownFileType = sourcecode.swift; path = Breakdown.swift; sourceTree = "<group>"; };
		8F189B162B3F86B6001B0145 /* MenuItemView.swift */ = {isa = PBXFileReference; lastKnownFileType = sourcecode.swift; path = MenuItemView.swift; sourceTree = "<group>"; };
		8FECC4062B4C85C8001A48BA /* TextFieldView.swift */ = {isa = PBXFileReference; lastKnownFileType = sourcecode.swift; path = TextFieldView.swift; sourceTree = "<group>"; };
		8FECC4082B4C9055001A48BA /* ImagePicker.swift */ = {isa = PBXFileReference; lastKnownFileType = sourcecode.swift; path = ImagePicker.swift; sourceTree = "<group>"; };
		8FECC40A2B4C9B9F001A48BA /* UserProfileViewModel.swift */ = {isa = PBXFileReference; lastKnownFileType = sourcecode.swift; path = UserProfileViewModel.swift; sourceTree = "<group>"; };
		8FECC40C2B4C9DD0001A48BA /* Checkbox.swift */ = {isa = PBXFileReference; lastKnownFileType = sourcecode.swift; path = Checkbox.swift; sourceTree = "<group>"; };
		8FECC40E2B4CA0B5001A48BA /* EmailNotifications.swift */ = {isa = PBXFileReference; lastKnownFileType = sourcecode.swift; path = EmailNotifications.swift; sourceTree = "<group>"; };
		8FECC4102B4CB9EC001A48BA /* Search.swift */ = {isa = PBXFileReference; lastKnownFileType = sourcecode.swift; path = Search.swift; sourceTree = "<group>"; };
		958EB6AB2B3474790023DDDF /* LittleLemonApp.app */ = {isa = PBXFileReference; explicitFileType = wrapper.application; includeInIndex = 0; path = LittleLemonApp.app; sourceTree = BUILT_PRODUCTS_DIR; };
		958EB6AE2B3474790023DDDF /* LittleLemonAppApp.swift */ = {isa = PBXFileReference; lastKnownFileType = sourcecode.swift; path = LittleLemonAppApp.swift; sourceTree = "<group>"; };
		958EB6B02B3474790023DDDF /* Onboarding.swift */ = {isa = PBXFileReference; lastKnownFileType = sourcecode.swift; path = Onboarding.swift; sourceTree = "<group>"; };
		958EB6B22B34747B0023DDDF /* Assets.xcassets */ = {isa = PBXFileReference; lastKnownFileType = folder.assetcatalog; path = Assets.xcassets; sourceTree = "<group>"; };
		958EB6B52B34747B0023DDDF /* Preview Assets.xcassets */ = {isa = PBXFileReference; lastKnownFileType = folder.assetcatalog; path = "Preview Assets.xcassets"; sourceTree = "<group>"; };
		958EB6BC2B35BB6F0023DDDF /* Model.swift */ = {isa = PBXFileReference; lastKnownFileType = sourcecode.swift; path = Model.swift; sourceTree = "<group>"; };
		958EB6C32B35BDCC0023DDDF /* OnboardingViewModel.swift */ = {isa = PBXFileReference; lastKnownFileType = sourcecode.swift; path = OnboardingViewModel.swift; sourceTree = "<group>"; };
/* End PBXFileReference section */

/* Begin PBXFrameworksBuildPhase section */
		958EB6A82B3474790023DDDF /* Frameworks */ = {
			isa = PBXFrameworksBuildPhase;
			buildActionMask = 2147483647;
			files = (
			);
			runOnlyForDeploymentPostprocessing = 0;
		};
/* End PBXFrameworksBuildPhase section */

/* Begin PBXGroup section */
		8F189AE82B3EE995001B0145 /* CoreData */ = {
			isa = PBXGroup;
			children = (
				8F189AE62B3EE975001B0145 /* Persistence.swift */,
				8F189AE92B3EE9B6001B0145 /* FetchedObjects.swift */,
				8F189B052B3F03AB001B0145 /* ExampleDatabase.xcdatamodeld */,
			);
			path = CoreData;
			sourceTree = "<group>";
		};
		958EB6A22B3474790023DDDF = {
			isa = PBXGroup;
			children = (
				8F189B082B3F084E001B0145 /* Dish+CoreDataClass.swift */,
				8F189B092B3F084E001B0145 /* Dish+CoreDataProperties.swift */,
				958EB6AD2B3474790023DDDF /* LittleLemonApp */,
				958EB6AC2B3474790023DDDF /* Products */,
			);
			sourceTree = "<group>";
		};
		958EB6AC2B3474790023DDDF /* Products */ = {
			isa = PBXGroup;
			children = (
				958EB6AB2B3474790023DDDF /* LittleLemonApp.app */,
			);
			name = Products;
			sourceTree = "<group>";
		};
		958EB6AD2B3474790023DDDF /* LittleLemonApp */ = {
			isa = PBXGroup;
			children = (
				8F189AE82B3EE995001B0145 /* CoreData */,
				958EB6BF2B35BC630023DDDF /* Models */,
				958EB6BE2B35BC580023DDDF /* Views */,
				958EB6C22B35BD9C0023DDDF /* ViewModels */,
				958EB6AE2B3474790023DDDF /* LittleLemonAppApp.swift */,
				958EB6B22B34747B0023DDDF /* Assets.xcassets */,
				958EB6B42B34747B0023DDDF /* Preview Content */,
				8F189B122B3F79BC001B0145 /* UIColor+Extension.swift */,
			);
			path = LittleLemonApp;
			sourceTree = "<group>";
		};
		958EB6B42B34747B0023DDDF /* Preview Content */ = {
			isa = PBXGroup;
			children = (
				958EB6B52B34747B0023DDDF /* Preview Assets.xcassets */,
			);
			path = "Preview Content";
			sourceTree = "<group>";
		};
		958EB6BE2B35BC580023DDDF /* Views */ = {
			isa = PBXGroup;
			children = (
				958EB6B02B3474790023DDDF /* Onboarding.swift */,
				8F189ADE2B3EC28C001B0145 /* Home.swift */,
				8F189B102B3F72C9001B0145 /* Hero.swift */,
				8F189AE02B3EC393001B0145 /* Menu.swift */,
				8FECC4102B4CB9EC001A48BA /* Search.swift */,
				8F189B162B3F86B6001B0145 /* MenuItemView.swift */,
				8F189B142B3F821C001B0145 /* Breakdown.swift */,
				8F189B0E2B3F7129001B0145 /* Header.swift */,
				8F189B0C2B3F0EB2001B0145 /* Details.swift */,
				8F189AE22B3ECE30001B0145 /* UserProfile.swift */,
				8FECC40E2B4CA0B5001A48BA /* EmailNotifications.swift */,
				8FECC40C2B4C9DD0001A48BA /* Checkbox.swift */,
				8F189AE42B3EDFFA001B0145 /* Categories.swift */,
				8FECC4062B4C85C8001A48BA /* TextFieldView.swift */,
			);
			path = Views;
			sourceTree = "<group>";
		};
		958EB6BF2B35BC630023DDDF /* Models */ = {
			isa = PBXGroup;
			children = (
				958EB6BC2B35BB6F0023DDDF /* Model.swift */,
				8F189AEB2B3EEA60001B0145 /* MenuList.swift */,
				8F189AED2B3EEA68001B0145 /* MenuItem.swift */,
			);
			path = Models;
			sourceTree = "<group>";
		};
		958EB6C22B35BD9C0023DDDF /* ViewModels */ = {
			isa = PBXGroup;
			children = (
				958EB6C32B35BDCC0023DDDF /* OnboardingViewModel.swift */,
				8FECC4082B4C9055001A48BA /* ImagePicker.swift */,
				8FECC40A2B4C9B9F001A48BA /* UserProfileViewModel.swift */,
			);
			path = ViewModels;
			sourceTree = "<group>";
		};
/* End PBXGroup section */

/* Begin PBXNativeTarget section */
		958EB6AA2B3474790023DDDF /* LittleLemonApp */ = {
			isa = PBXNativeTarget;
			buildConfigurationList = 958EB6B92B34747B0023DDDF /* Build configuration list for PBXNativeTarget "LittleLemonApp" */;
			buildPhases = (
				958EB6A72B3474790023DDDF /* Sources */,
				958EB6A82B3474790023DDDF /* Frameworks */,
				958EB6A92B3474790023DDDF /* Resources */,
			);
			buildRules = (
			);
			dependencies = (
			);
			name = LittleLemonApp;
			productName = LittleLemonApp;
			productReference = 958EB6AB2B3474790023DDDF /* LittleLemonApp.app */;
			productType = "com.apple.product-type.application";
		};
/* End PBXNativeTarget section */

/* Begin PBXProject section */
		958EB6A32B3474790023DDDF /* Project object */ = {
			isa = PBXProject;
			attributes = {
				BuildIndependentTargetsInParallel = 1;
				LastSwiftUpdateCheck = 1510;
				LastUpgradeCheck = 1510;
				TargetAttributes = {
					958EB6AA2B3474790023DDDF = {
						CreatedOnToolsVersion = 15.1;
					};
				};
			};
			buildConfigurationList = 958EB6A62B3474790023DDDF /* Build configuration list for PBXProject "LittleLemonApp" */;
			compatibilityVersion = "Xcode 14.0";
			developmentRegion = en;
			hasScannedForEncodings = 0;
			knownRegions = (
				en,
				Base,
			);
			mainGroup = 958EB6A22B3474790023DDDF;
			productRefGroup = 958EB6AC2B3474790023DDDF /* Products */;
			projectDirPath = "";
			projectRoot = "";
			targets = (
				958EB6AA2B3474790023DDDF /* LittleLemonApp */,
			);
		};
/* End PBXProject section */

/* Begin PBXResourcesBuildPhase section */
		958EB6A92B3474790023DDDF /* Resources */ = {
			isa = PBXResourcesBuildPhase;
			buildActionMask = 2147483647;
			files = (
				958EB6B62B34747B0023DDDF /* Preview Assets.xcassets in Resources */,
				958EB6B32B34747B0023DDDF /* Assets.xcassets in Resources */,
			);
			runOnlyForDeploymentPostprocessing = 0;
		};
/* End PBXResourcesBuildPhase section */

/* Begin PBXSourcesBuildPhase section */
		958EB6A72B3474790023DDDF /* Sources */ = {
			isa = PBXSourcesBuildPhase;
			buildActionMask = 2147483647;
			files = (
				8F189B072B3F03AB001B0145 /* ExampleDatabase.xcdatamodeld in Sources */,
				8F189B132B3F79BC001B0145 /* UIColor+Extension.swift in Sources */,
				8F189AE72B3EE975001B0145 /* Persistence.swift in Sources */,
				8F189B0B2B3F084E001B0145 /* Dish+CoreDataProperties.swift in Sources */,
				8F189B172B3F86B7001B0145 /* MenuItemView.swift in Sources */,
				8F189AE12B3EC393001B0145 /* Menu.swift in Sources */,
				8F189AE52B3EDFFA001B0145 /* Categories.swift in Sources */,
				958EB6C42B35BDCC0023DDDF /* OnboardingViewModel.swift in Sources */,
				8F189AE32B3ECE30001B0145 /* UserProfile.swift in Sources */,
				8FECC4112B4CB9EC001A48BA /* Search.swift in Sources */,
				8FECC40D2B4C9DD0001A48BA /* Checkbox.swift in Sources */,
				958EB6BD2B35BB6F0023DDDF /* Model.swift in Sources */,
				8F189B0F2B3F7129001B0145 /* Header.swift in Sources */,
				8F189B0A2B3F084E001B0145 /* Dish+CoreDataClass.swift in Sources */,
				8F189ADF2B3EC28C001B0145 /* Home.swift in Sources */,
				8FECC4092B4C9055001A48BA /* ImagePicker.swift in Sources */,
				8F189B112B3F72C9001B0145 /* Hero.swift in Sources */,
				8FECC4072B4C85C8001A48BA /* TextFieldView.swift in Sources */,
				958EB6B12B3474790023DDDF /* Onboarding.swift in Sources */,
				8FECC40B2B4C9B9F001A48BA /* UserProfileViewModel.swift in Sources */,
				8F189AEA2B3EE9B6001B0145 /* FetchedObjects.swift in Sources */,
				8F189B152B3F821C001B0145 /* Breakdown.swift in Sources */,
				8F189AEE2B3EEA68001B0145 /* MenuItem.swift in Sources */,
				958EB6AF2B3474790023DDDF /* LittleLemonAppApp.swift in Sources */,
				8FECC40F2B4CA0B5001A48BA /* EmailNotifications.swift in Sources */,
				8F189B0D2B3F0EB2001B0145 /* Details.swift in Sources */,
				8F189AEC2B3EEA60001B0145 /* MenuList.swift in Sources */,
			);
			runOnlyForDeploymentPostprocessing = 0;
		};
/* End PBXSourcesBuildPhase section */

/* Begin XCBuildConfiguration section */
		958EB6B72B34747B0023DDDF /* Debug */ = {
			isa = XCBuildConfiguration;
			buildSettings = {
				ALWAYS_SEARCH_USER_PATHS = NO;
				ASSETCATALOG_COMPILER_GENERATE_SWIFT_ASSET_SYMBOL_EXTENSIONS = YES;
				CLANG_ANALYZER_NONNULL = YES;
				CLANG_ANALYZER_NUMBER_OBJECT_CONVERSION = YES_AGGRESSIVE;
				CLANG_CXX_LANGUAGE_STANDARD = "gnu++20";
				CLANG_ENABLE_MODULES = YES;
				CLANG_ENABLE_OBJC_ARC = YES;
				CLANG_ENABLE_OBJC_WEAK = YES;
				CLANG_WARN_BLOCK_CAPTURE_AUTORELEASING = YES;
				CLANG_WARN_BOOL_CONVERSION = YES;
				CLANG_WARN_COMMA = YES;
				CLANG_WARN_CONSTANT_CONVERSION = YES;
				CLANG_WARN_DEPRECATED_OBJC_IMPLEMENTATIONS = YES;
				CLANG_WARN_DIRECT_OBJC_ISA_USAGE = YES_ERROR;
				CLANG_WARN_DOCUMENTATION_COMMENTS = YES;
				CLANG_WARN_EMPTY_BODY = YES;
				CLANG_WARN_ENUM_CONVERSION = YES;
				CLANG_WARN_INFINITE_RECURSION = YES;
				CLANG_WARN_INT_CONVERSION = YES;
				CLANG_WARN_NON_LITERAL_NULL_CONVERSION = YES;
				CLANG_WARN_OBJC_IMPLICIT_RETAIN_SELF = YES;
				CLANG_WARN_OBJC_LITERAL_CONVERSION = YES;
				CLANG_WARN_OBJC_ROOT_CLASS = YES_ERROR;
				CLANG_WARN_QUOTED_INCLUDE_IN_FRAMEWORK_HEADER = YES;
				CLANG_WARN_RANGE_LOOP_ANALYSIS = YES;
				CLANG_WARN_STRICT_PROTOTYPES = YES;
				CLANG_WARN_SUSPICIOUS_MOVE = YES;
				CLANG_WARN_UNGUARDED_AVAILABILITY = YES_AGGRESSIVE;
				CLANG_WARN_UNREACHABLE_CODE = YES;
				CLANG_WARN__DUPLICATE_METHOD_MATCH = YES;
				COPY_PHASE_STRIP = NO;
				DEBUG_INFORMATION_FORMAT = dwarf;
				ENABLE_STRICT_OBJC_MSGSEND = YES;
				ENABLE_TESTABILITY = YES;
				ENABLE_USER_SCRIPT_SANDBOXING = YES;
				GCC_C_LANGUAGE_STANDARD = gnu17;
				GCC_DYNAMIC_NO_PIC = NO;
				GCC_NO_COMMON_BLOCKS = YES;
				GCC_OPTIMIZATION_LEVEL = 0;
				GCC_PREPROCESSOR_DEFINITIONS = (
					"DEBUG=1",
					"$(inherited)",
				);
				GCC_WARN_64_TO_32_BIT_CONVERSION = YES;
				GCC_WARN_ABOUT_RETURN_TYPE = YES_ERROR;
				GCC_WARN_UNDECLARED_SELECTOR = YES;
				GCC_WARN_UNINITIALIZED_AUTOS = YES_AGGRESSIVE;
				GCC_WARN_UNUSED_FUNCTION = YES;
				GCC_WARN_UNUSED_VARIABLE = YES;
				IPHONEOS_DEPLOYMENT_TARGET = 17.2;
				LOCALIZATION_PREFERS_STRING_CATALOGS = YES;
				MTL_ENABLE_DEBUG_INFO = INCLUDE_SOURCE;
				MTL_FAST_MATH = YES;
				ONLY_ACTIVE_ARCH = YES;
				SDKROOT = iphoneos;
				SWIFT_ACTIVE_COMPILATION_CONDITIONS = "DEBUG $(inherited)";
				SWIFT_OPTIMIZATION_LEVEL = "-Onone";
			};
			name = Debug;
		};
		958EB6B82B34747B0023DDDF /* Release */ = {
			isa = XCBuildConfiguration;
			buildSettings = {
				ALWAYS_SEARCH_USER_PATHS = NO;
				ASSETCATALOG_COMPILER_GENERATE_SWIFT_ASSET_SYMBOL_EXTENSIONS = YES;
				CLANG_ANALYZER_NONNULL = YES;
				CLANG_ANALYZER_NUMBER_OBJECT_CONVERSION = YES_AGGRESSIVE;
				CLANG_CXX_LANGUAGE_STANDARD = "gnu++20";
				CLANG_ENABLE_MODULES = YES;
				CLANG_ENABLE_OBJC_ARC = YES;
				CLANG_ENABLE_OBJC_WEAK = YES;
				CLANG_WARN_BLOCK_CAPTURE_AUTORELEASING = YES;
				CLANG_WARN_BOOL_CONVERSION = YES;
				CLANG_WARN_COMMA = YES;
				CLANG_WARN_CONSTANT_CONVERSION = YES;
				CLANG_WARN_DEPRECATED_OBJC_IMPLEMENTATIONS = YES;
				CLANG_WARN_DIRECT_OBJC_ISA_USAGE = YES_ERROR;
				CLANG_WARN_DOCUMENTATION_COMMENTS = YES;
				CLANG_WARN_EMPTY_BODY = YES;
				CLANG_WARN_ENUM_CONVERSION = YES;
				CLANG_WARN_INFINITE_RECURSION = YES;
				CLANG_WARN_INT_CONVERSION = YES;
				CLANG_WARN_NON_LITERAL_NULL_CONVERSION = YES;
				CLANG_WARN_OBJC_IMPLICIT_RETAIN_SELF = YES;
				CLANG_WARN_OBJC_LITERAL_CONVERSION = YES;
				CLANG_WARN_OBJC_ROOT_CLASS = YES_ERROR;
				CLANG_WARN_QUOTED_INCLUDE_IN_FRAMEWORK_HEADER = YES;
				CLANG_WARN_RANGE_LOOP_ANALYSIS = YES;
				CLANG_WARN_STRICT_PROTOTYPES = YES;
				CLANG_WARN_SUSPICIOUS_MOVE = YES;
				CLANG_WARN_UNGUARDED_AVAILABILITY = YES_AGGRESSIVE;
				CLANG_WARN_UNREACHABLE_CODE = YES;
				CLANG_WARN__DUPLICATE_METHOD_MATCH = YES;
				COPY_PHASE_STRIP = NO;
				DEBUG_INFORMATION_FORMAT = "dwarf-with-dsym";
				ENABLE_NS_ASSERTIONS = NO;
				ENABLE_STRICT_OBJC_MSGSEND = YES;
				ENABLE_USER_SCRIPT_SANDBOXING = YES;
				GCC_C_LANGUAGE_STANDARD = gnu17;
				GCC_NO_COMMON_BLOCKS = YES;
				GCC_WARN_64_TO_32_BIT_CONVERSION = YES;
				GCC_WARN_ABOUT_RETURN_TYPE = YES_ERROR;
				GCC_WARN_UNDECLARED_SELECTOR = YES;
				GCC_WARN_UNINITIALIZED_AUTOS = YES_AGGRESSIVE;
				GCC_WARN_UNUSED_FUNCTION = YES;
				GCC_WARN_UNUSED_VARIABLE = YES;
				IPHONEOS_DEPLOYMENT_TARGET = 17.2;
				LOCALIZATION_PREFERS_STRING_CATALOGS = YES;
				MTL_ENABLE_DEBUG_INFO = NO;
				MTL_FAST_MATH = YES;
				SDKROOT = iphoneos;
				SWIFT_COMPILATION_MODE = wholemodule;
				VALIDATE_PRODUCT = YES;
			};
			name = Release;
		};
		958EB6BA2B34747B0023DDDF /* Debug */ = {
			isa = XCBuildConfiguration;
			buildSettings = {
				ASSETCATALOG_COMPILER_APPICON_NAME = AppIcon;
				ASSETCATALOG_COMPILER_GLOBAL_ACCENT_COLOR_NAME = AccentColor;
				CODE_SIGN_STYLE = Automatic;
				CURRENT_PROJECT_VERSION = 1;
				DEVELOPMENT_ASSET_PATHS = "\"LittleLemonApp/Preview Content\"";
				DEVELOPMENT_TEAM = T7J4HHBBHQ;
				ENABLE_PREVIEWS = YES;
				GENERATE_INFOPLIST_FILE = YES;
				INFOPLIST_KEY_UIApplicationSceneManifest_Generation = YES;
				INFOPLIST_KEY_UIApplicationSupportsIndirectInputEvents = YES;
				INFOPLIST_KEY_UILaunchScreen_Generation = YES;
				INFOPLIST_KEY_UISupportedInterfaceOrientations_iPad = "UIInterfaceOrientationPortrait UIInterfaceOrientationPortraitUpsideDown UIInterfaceOrientationLandscapeLeft UIInterfaceOrientationLandscapeRight";
				INFOPLIST_KEY_UISupportedInterfaceOrientations_iPhone = "UIInterfaceOrientationPortrait UIInterfaceOrientationLandscapeLeft UIInterfaceOrientationLandscapeRight";
				LD_RUNPATH_SEARCH_PATHS = (
					"$(inherited)",
					"@executable_path/Frameworks",
				);
				MARKETING_VERSION = 1.0;
				PRODUCT_BUNDLE_IDENTIFIER = littlelemon.LittleLemonApp;
				PRODUCT_NAME = "$(TARGET_NAME)";
				SWIFT_EMIT_LOC_STRINGS = YES;
				SWIFT_VERSION = 5.0;
				TARGETED_DEVICE_FAMILY = "1,2";
			};
			name = Debug;
		};
		958EB6BB2B34747B0023DDDF /* Release */ = {
			isa = XCBuildConfiguration;
			buildSettings = {
				ASSETCATALOG_COMPILER_APPICON_NAME = AppIcon;
				ASSETCATALOG_COMPILER_GLOBAL_ACCENT_COLOR_NAME = AccentColor;
				CODE_SIGN_STYLE = Automatic;
				CURRENT_PROJECT_VERSION = 1;
				DEVELOPMENT_ASSET_PATHS = "\"LittleLemonApp/Preview Content\"";
				DEVELOPMENT_TEAM = T7J4HHBBHQ;
				ENABLE_PREVIEWS = YES;
				GENERATE_INFOPLIST_FILE = YES;
				INFOPLIST_KEY_UIApplicationSceneManifest_Generation = YES;
				INFOPLIST_KEY_UIApplicationSupportsIndirectInputEvents = YES;
				INFOPLIST_KEY_UILaunchScreen_Generation = YES;
				INFOPLIST_KEY_UISupportedInterfaceOrientations_iPad = "UIInterfaceOrientationPortrait UIInterfaceOrientationPortraitUpsideDown UIInterfaceOrientationLandscapeLeft UIInterfaceOrientationLandscapeRight";
				INFOPLIST_KEY_UISupportedInterfaceOrientations_iPhone = "UIInterfaceOrientationPortrait UIInterfaceOrientationLandscapeLeft UIInterfaceOrientationLandscapeRight";
				LD_RUNPATH_SEARCH_PATHS = (
					"$(inherited)",
					"@executable_path/Frameworks",
				);
				MARKETING_VERSION = 1.0;
				PRODUCT_BUNDLE_IDENTIFIER = littlelemon.LittleLemonApp;
				PRODUCT_NAME = "$(TARGET_NAME)";
				SWIFT_EMIT_LOC_STRINGS = YES;
				SWIFT_VERSION = 5.0;
				TARGETED_DEVICE_FAMILY = "1,2";
			};
			name = Release;
		};
/* End XCBuildConfiguration section */

/* Begin XCConfigurationList section */
		958EB6A62B3474790023DDDF /* Build configuration list for PBXProject "LittleLemonApp" */ = {
			isa = XCConfigurationList;
			buildConfigurations = (
				958EB6B72B34747B0023DDDF /* Debug */,
				958EB6B82B34747B0023DDDF /* Release */,
			);
			defaultConfigurationIsVisible = 0;
			defaultConfigurationName = Release;
		};
		958EB6B92B34747B0023DDDF /* Build configuration list for PBXNativeTarget "LittleLemonApp" */ = {
			isa = XCConfigurationList;
			buildConfigurations = (
				958EB6BA2B34747B0023DDDF /* Debug */,
				958EB6BB2B34747B0023DDDF /* Release */,
			);
			defaultConfigurationIsVisible = 0;
			defaultConfigurationName = Release;
		};
/* End XCConfigurationList section */

/* Begin XCVersionGroup section */
		8F189B052B3F03AB001B0145 /* ExampleDatabase.xcdatamodeld */ = {
			isa = XCVersionGroup;
			children = (
				8F189B062B3F03AB001B0145 /* ExampleDatabase.xcdatamodel */,
			);
			currentVersion = 8F189B062B3F03AB001B0145 /* ExampleDatabase.xcdatamodel */;
			path = ExampleDatabase.xcdatamodeld;
			sourceTree = "<group>";
			versionGroupType = wrapper.xcdatamodel;
		};
/* End XCVersionGroup section */
	};
	rootObject = 958EB6A32B3474790023DDDF /* Project object */;
}
